
Microsoft Visual Studio Solution File, Format Version 11.00
# Visual Studio 2010
Project("{FAE04EC0-301F-11D3-BF4B-00C04F79EFBC}") = "Assembly-CSharp", "Assembly-CSharp.csproj", "{f520c8cc-467d-f528-19ca-5d5197735fd9}"
EndProject
Project("{FAE04EC0-301F-11D3-BF4B-00C04F79EFBC}") = "MoreMountains.NiceVibrations.Haptics", "MoreMountains.NiceVibrations.Haptics.csproj", "{dfc33c27-f6d1-ac78-9b4b-b506a1c99457}"
EndProject
Project("{FAE04EC0-301F-11D3-BF4B-00C04F79EFBC}") = "MoreMountains.NiceVibrations.Demos", "MoreMountains.NiceVibrations.Demos.csproj", "{37edfceb-8905-ce01-cc2d-952f6d211512}"
EndProject
Project("{FAE04EC0-301F-11D3-BF4B-00C04F79EFBC}") = "MoreMountains.NiceVibrations", "MoreMountains.NiceVibrations.csproj", "{27424113-4438-8e7d-347b-60e944f9d33c}"
EndProject
Project("{FAE04EC0-301F-11D3-BF4B-00C04F79EFBC}") = "Assembly-CSharp-Editor", "Assembly-CSharp-Editor.csproj", "{6cbe5b82-a420-157d-088e-de1cf1285c6e}"
EndProject
Project("{FAE04EC0-301F-11D3-BF4B-00C04F79EFBC}") = "MoreMountains.NiceVibrations.Editor", "MoreMountains.NiceVibrations.Editor.csproj", "{f8a18666-f90b-f914-ffe6-573e612473ea}"
EndProject
Global
	GlobalSection(SolutionConfigurationPlatforms) = preSolution
		Debug|Any CPU = Debug|Any CPU
	EndGlobalSection
	GlobalSection(ProjectConfigurationPlatforms) = postSolution
		{f520c8cc-467d-f528-19ca-5d5197735fd9}.Debug|Any CPU.ActiveCfg = Debug|Any CPU
		{f520c8cc-467d-f528-19ca-5d5197735fd9}.Debug|Any CPU.Build.0 = Debug|Any CPU
		{dfc33c27-f6d1-ac78-9b4b-b506a1c99457}.Debug|Any CPU.ActiveCfg = Debug|Any CPU
		{dfc33c27-f6d1-ac78-9b4b-b506a1c99457}.Debug|Any CPU.Build.0 = Debug|Any CPU
		{37edfceb-8905-ce01-cc2d-952f6d211512}.Debug|Any CPU.ActiveCfg = Debug|Any CPU
		{37edfceb-8905-ce01-cc2d-952f6d211512}.Debug|Any CPU.Build.0 = Debug|Any CPU
		{27424113-4438-8e7d-347b-60e944f9d33c}.Debug|Any CPU.ActiveCfg = Debug|Any CPU
		{27424113-4438-8e7d-347b-60e944f9d33c}.Debug|Any CPU.Build.0 = Debug|Any CPU
		{6cbe5b82-a420-157d-088e-de1cf1285c6e}.Debug|Any CPU.ActiveCfg = Debug|Any CPU
		{6cbe5b82-a420-157d-088e-de1cf1285c6e}.Debug|Any CPU.Build.0 = Debug|Any CPU
		{f8a18666-f90b-f914-ffe6-573e612473ea}.Debug|Any CPU.ActiveCfg = Debug|Any CPU
		{f8a18666-f90b-f914-ffe6-573e612473ea}.Debug|Any CPU.Build.0 = Debug|Any CPU
	EndGlobalSection
	GlobalSection(SolutionProperties) = preSolution
		HideSolutionNode = FALSE
	EndGlobalSection
EndGlobal
